// !$*UTF8*$!
{
	archiveVersion = 1;
	classes = {
	};
	objectVersion = 56;
	objects = {

/* Begin PBXBuildFile section */
		D4596CF82A33580200BD9E26 /* Shopify_ITI_SDK.h in Headers */ = {isa = PBXBuildFile; fileRef = D4596CF72A33580200BD9E26 /* Shopify_ITI_SDK.h */; settings = {ATTRIBUTES = (Public, ); }; };
		D464A7062A35F81C00C37A9A /* MetafieldInfo.graphql.swift in Sources */ = {isa = PBXBuildFile; fileRef = D464A6A32A35F81C00C37A9A /* MetafieldInfo.graphql.swift */; };
		D464A7072A35F81C00C37A9A /* CollectionInfo.graphql.swift in Sources */ = {isa = PBXBuildFile; fileRef = D464A6A42A35F81C00C37A9A /* CollectionInfo.graphql.swift */; };
		D464A7082A35F81C00C37A9A /* ImageInfo.graphql.swift in Sources */ = {isa = PBXBuildFile; fileRef = D464A6A52A35F81C00C37A9A /* ImageInfo.graphql.swift */; };
		D464A7092A35F81C00C37A9A /* MoneyInfo.graphql.swift in Sources */ = {isa = PBXBuildFile; fileRef = D464A6A62A35F81C00C37A9A /* MoneyInfo.graphql.swift */; };
		D464A70A2A35F81C00C37A9A /* ProductVariantInfo.graphql.swift in Sources */ = {isa = PBXBuildFile; fileRef = D464A6A72A35F81C00C37A9A /* ProductVariantInfo.graphql.swift */; };
		D464A70B2A35F81C00C37A9A /* PriceRangeInfo.graphql.swift in Sources */ = {isa = PBXBuildFile; fileRef = D464A6A82A35F81C00C37A9A /* PriceRangeInfo.graphql.swift */; };
		D464A70C2A35F81C00C37A9A /* ShopifyAPI.graphql.swift in Sources */ = {isa = PBXBuildFile; fileRef = D464A6A92A35F81C00C37A9A /* ShopifyAPI.graphql.swift */; };
		D464A70D2A35F81C00C37A9A /* UpdateCustomerMutation.graphql.swift in Sources */ = {isa = PBXBuildFile; fileRef = D464A6AC2A35F81C00C37A9A /* UpdateCustomerMutation.graphql.swift */; };
		D464A70E2A35F81C00C37A9A /* RecoverCustomerAccountMutation.graphql.swift in Sources */ = {isa = PBXBuildFile; fileRef = D464A6AD2A35F81C00C37A9A /* RecoverCustomerAccountMutation.graphql.swift */; };
		D464A70F2A35F81C00C37A9A /* CreateCustomerAccountMutation.graphql.swift in Sources */ = {isa = PBXBuildFile; fileRef = D464A6AE2A35F81C00C37A9A /* CreateCustomerAccountMutation.graphql.swift */; };
		D464A7102A35F81C00C37A9A /* CreateCustomerAccessTokenMutation.graphql.swift in Sources */ = {isa = PBXBuildFile; fileRef = D464A6AF2A35F81C00C37A9A /* CreateCustomerAccessTokenMutation.graphql.swift */; };
		D464A7112A35F81C00C37A9A /* RenewCustomerAccessTokenMutation.graphql.swift in Sources */ = {isa = PBXBuildFile; fileRef = D464A6B02A35F81C00C37A9A /* RenewCustomerAccessTokenMutation.graphql.swift */; };
		D464A7122A35F81C00C37A9A /* DeleteCustomerAccessTokenMutation.graphql.swift in Sources */ = {isa = PBXBuildFile; fileRef = D464A6B12A35F81C00C37A9A /* DeleteCustomerAccessTokenMutation.graphql.swift */; };
		D464A7132A35F81C00C37A9A /* GetProductByIdQuery.graphql.swift in Sources */ = {isa = PBXBuildFile; fileRef = D464A6B32A35F81C00C37A9A /* GetProductByIdQuery.graphql.swift */; };
		D464A7142A35F81C00C37A9A /* GetProductsByQuery.graphql.swift in Sources */ = {isa = PBXBuildFile; fileRef = D464A6B42A35F81C00C37A9A /* GetProductsByQuery.graphql.swift */; };
		D464A7152A35F81C00C37A9A /* GetCustomerWithAccessTokenQuery.graphql.swift in Sources */ = {isa = PBXBuildFile; fileRef = D464A6B52A35F81C00C37A9A /* GetCustomerWithAccessTokenQuery.graphql.swift */; };
		D464A7162A35F81C00C37A9A /* Decimal.swift in Sources */ = {isa = PBXBuildFile; fileRef = D464A6B82A35F81C00C37A9A /* Decimal.swift */; };
		D464A7172A35F81C00C37A9A /* URL.swift in Sources */ = {isa = PBXBuildFile; fileRef = D464A6B92A35F81C00C37A9A /* URL.swift */; };
		D464A7182A35F81C00C37A9A /* DateTime.swift in Sources */ = {isa = PBXBuildFile; fileRef = D464A6BA2A35F81C00C37A9A /* DateTime.swift */; };
		D464A7192A35F81C00C37A9A /* CountryCode.graphql.swift in Sources */ = {isa = PBXBuildFile; fileRef = D464A6BC2A35F81C00C37A9A /* CountryCode.graphql.swift */; };
		D464A71A2A35F81C00C37A9A /* CurrencyCode.graphql.swift in Sources */ = {isa = PBXBuildFile; fileRef = D464A6BD2A35F81C00C37A9A /* CurrencyCode.graphql.swift */; };
		D464A71B2A35F81C00C37A9A /* LanguageCode.graphql.swift in Sources */ = {isa = PBXBuildFile; fileRef = D464A6BE2A35F81C00C37A9A /* LanguageCode.graphql.swift */; };
		D464A71C2A35F81C00C37A9A /* CustomerErrorCode.graphql.swift in Sources */ = {isa = PBXBuildFile; fileRef = D464A6BF2A35F81C00C37A9A /* CustomerErrorCode.graphql.swift */; };
		D464A71D2A35F81C00C37A9A /* Image.graphql.swift in Sources */ = {isa = PBXBuildFile; fileRef = D464A6C12A35F81C00C37A9A /* Image.graphql.swift */; };
		D464A71E2A35F81C00C37A9A /* ProductPriceRange.graphql.swift in Sources */ = {isa = PBXBuildFile; fileRef = D464A6C22A35F81C00C37A9A /* ProductPriceRange.graphql.swift */; };
		D464A71F2A35F81C00C37A9A /* ProductVariant.graphql.swift in Sources */ = {isa = PBXBuildFile; fileRef = D464A6C32A35F81C00C37A9A /* ProductVariant.graphql.swift */; };
		D464A7202A35F81C00C37A9A /* Blog.graphql.swift in Sources */ = {isa = PBXBuildFile; fileRef = D464A6C42A35F81C00C37A9A /* Blog.graphql.swift */; };
		D464A7212A35F81C00C37A9A /* Model3d.graphql.swift in Sources */ = {isa = PBXBuildFile; fileRef = D464A6C52A35F81C00C37A9A /* Model3d.graphql.swift */; };
		D464A7222A35F81C00C37A9A /* MenuItem.graphql.swift in Sources */ = {isa = PBXBuildFile; fileRef = D464A6C62A35F81C00C37A9A /* MenuItem.graphql.swift */; };
		D464A7232A35F81C00C37A9A /* Order.graphql.swift in Sources */ = {isa = PBXBuildFile; fileRef = D464A6C72A35F81C00C37A9A /* Order.graphql.swift */; };
		D464A7242A35F81C00C37A9A /* Comment.graphql.swift in Sources */ = {isa = PBXBuildFile; fileRef = D464A6C82A35F81C00C37A9A /* Comment.graphql.swift */; };
		D464A7252A35F81C00C37A9A /* UrlRedirect.graphql.swift in Sources */ = {isa = PBXBuildFile; fileRef = D464A6C92A35F81C00C37A9A /* UrlRedirect.graphql.swift */; };
		D464A7262A35F81C00C37A9A /* Shop.graphql.swift in Sources */ = {isa = PBXBuildFile; fileRef = D464A6CA2A35F81C00C37A9A /* Shop.graphql.swift */; };
		D464A7272A35F81C00C37A9A /* ImageConnection.graphql.swift in Sources */ = {isa = PBXBuildFile; fileRef = D464A6CB2A35F81C00C37A9A /* ImageConnection.graphql.swift */; };
		D464A7282A35F81C00C37A9A /* GenericFile.graphql.swift in Sources */ = {isa = PBXBuildFile; fileRef = D464A6CC2A35F81C00C37A9A /* GenericFile.graphql.swift */; };
		D464A7292A35F81C00C37A9A /* ProductOption.graphql.swift in Sources */ = {isa = PBXBuildFile; fileRef = D464A6CD2A35F81C00C37A9A /* ProductOption.graphql.swift */; };
		D464A72A2A35F81C00C37A9A /* Collection.graphql.swift in Sources */ = {isa = PBXBuildFile; fileRef = D464A6CE2A35F81C00C37A9A /* Collection.graphql.swift */; };
		D464A72B2A35F81C00C37A9A /* CustomerRecoverPayload.graphql.swift in Sources */ = {isa = PBXBuildFile; fileRef = D464A6CF2A35F81C00C37A9A /* CustomerRecoverPayload.graphql.swift */; };
		D464A72C2A35F81C00C37A9A /* ExternalVideo.graphql.swift in Sources */ = {isa = PBXBuildFile; fileRef = D464A6D02A35F81C00C37A9A /* ExternalVideo.graphql.swift */; };
		D464A72D2A35F81C00C37A9A /* ProductConnection.graphql.swift in Sources */ = {isa = PBXBuildFile; fileRef = D464A6D12A35F81C00C37A9A /* ProductConnection.graphql.swift */; };
		D464A72E2A35F81C00C37A9A /* CustomerCreatePayload.graphql.swift in Sources */ = {isa = PBXBuildFile; fileRef = D464A6D22A35F81C00C37A9A /* CustomerCreatePayload.graphql.swift */; };
		D464A72F2A35F81C00C37A9A /* Menu.graphql.swift in Sources */ = {isa = PBXBuildFile; fileRef = D464A6D32A35F81C00C37A9A /* Menu.graphql.swift */; };
		D464A7302A35F81C00C37A9A /* CustomerUpdatePayload.graphql.swift in Sources */ = {isa = PBXBuildFile; fileRef = D464A6D42A35F81C00C37A9A /* CustomerUpdatePayload.graphql.swift */; };
		D464A7312A35F81C00C37A9A /* Mutation.graphql.swift in Sources */ = {isa = PBXBuildFile; fileRef = D464A6D52A35F81C00C37A9A /* Mutation.graphql.swift */; };
		D464A7322A35F81C00C37A9A /* CheckoutLineItem.graphql.swift in Sources */ = {isa = PBXBuildFile; fileRef = D464A6D62A35F81C00C37A9A /* CheckoutLineItem.graphql.swift */; };
		D464A7332A35F81C00C37A9A /* Location.graphql.swift in Sources */ = {isa = PBXBuildFile; fileRef = D464A6D72A35F81C00C37A9A /* Location.graphql.swift */; };
		D464A7342A35F81C00C37A9A /* Checkout.graphql.swift in Sources */ = {isa = PBXBuildFile; fileRef = D464A6D82A35F81C00C37A9A /* Checkout.graphql.swift */; };
		D464A7352A35F81C00C37A9A /* Metaobject.graphql.swift in Sources */ = {isa = PBXBuildFile; fileRef = D464A6D92A35F81C00C37A9A /* Metaobject.graphql.swift */; };
		D464A7362A35F81C00C37A9A /* QueryRoot.graphql.swift in Sources */ = {isa = PBXBuildFile; fileRef = D464A6DA2A35F81C00C37A9A /* QueryRoot.graphql.swift */; };
		D464A7372A35F81C00C37A9A /* CheckoutUserError.graphql.swift in Sources */ = {isa = PBXBuildFile; fileRef = D464A6DB2A35F81C00C37A9A /* CheckoutUserError.graphql.swift */; };
		D464A7382A35F81C00C37A9A /* Cart.graphql.swift in Sources */ = {isa = PBXBuildFile; fileRef = D464A6DC2A35F81C00C37A9A /* Cart.graphql.swift */; };
		D464A7392A35F81C00C37A9A /* CustomerAccessTokenDeletePayload.graphql.swift in Sources */ = {isa = PBXBuildFile; fileRef = D464A6DD2A35F81C00C37A9A /* CustomerAccessTokenDeletePayload.graphql.swift */; };
		D464A73A2A35F81C00C37A9A /* MoneyV2.graphql.swift in Sources */ = {isa = PBXBuildFile; fileRef = D464A6DE2A35F81C00C37A9A /* MoneyV2.graphql.swift */; };
		D464A73B2A35F81C00C37A9A /* Payment.graphql.swift in Sources */ = {isa = PBXBuildFile; fileRef = D464A6DF2A35F81C00C37A9A /* Payment.graphql.swift */; };
		D464A73C2A35F81C00C37A9A /* Customer.graphql.swift in Sources */ = {isa = PBXBuildFile; fileRef = D464A6E02A35F81C00C37A9A /* Customer.graphql.swift */; };
		D464A73D2A35F81C00C37A9A /* UserError.graphql.swift in Sources */ = {isa = PBXBuildFile; fileRef = D464A6E12A35F81C00C37A9A /* UserError.graphql.swift */; };
		D464A73E2A35F81C00C37A9A /* CartLine.graphql.swift in Sources */ = {isa = PBXBuildFile; fileRef = D464A6E22A35F81C00C37A9A /* CartLine.graphql.swift */; };
		D464A73F2A35F81C00C37A9A /* ProductEdge.graphql.swift in Sources */ = {isa = PBXBuildFile; fileRef = D464A6E32A35F81C00C37A9A /* ProductEdge.graphql.swift */; };
		D464A7402A35F81C00C37A9A /* MailingAddress.graphql.swift in Sources */ = {isa = PBXBuildFile; fileRef = D464A6E42A35F81C00C37A9A /* MailingAddress.graphql.swift */; };
		D464A7412A35F81C00C37A9A /* CustomerUserError.graphql.swift in Sources */ = {isa = PBXBuildFile; fileRef = D464A6E52A35F81C00C37A9A /* CustomerUserError.graphql.swift */; };
		D464A7422A35F81C00C37A9A /* Page.graphql.swift in Sources */ = {isa = PBXBuildFile; fileRef = D464A6E62A35F81C00C37A9A /* Page.graphql.swift */; };
		D464A7432A35F81C00C37A9A /* MetafieldDeleteUserError.graphql.swift in Sources */ = {isa = PBXBuildFile; fileRef = D464A6E72A35F81C00C37A9A /* MetafieldDeleteUserError.graphql.swift */; };
		D464A7442A35F81C00C37A9A /* CollectionConnection.graphql.swift in Sources */ = {isa = PBXBuildFile; fileRef = D464A6E82A35F81C00C37A9A /* CollectionConnection.graphql.swift */; };
		D464A7452A35F81C00C37A9A /* ProductVariantConnection.graphql.swift in Sources */ = {isa = PBXBuildFile; fileRef = D464A6E92A35F81C00C37A9A /* ProductVariantConnection.graphql.swift */; };
		D464A7462A35F81C00C37A9A /* Market.graphql.swift in Sources */ = {isa = PBXBuildFile; fileRef = D464A6EA2A35F81C00C37A9A /* Market.graphql.swift */; };
		D464A7472A35F81C00C37A9A /* Metafield.graphql.swift in Sources */ = {isa = PBXBuildFile; fileRef = D464A6EB2A35F81C00C37A9A /* Metafield.graphql.swift */; };
		D464A7482A35F81C00C37A9A /* Article.graphql.swift in Sources */ = {isa = PBXBuildFile; fileRef = D464A6EC2A35F81C00C37A9A /* Article.graphql.swift */; };
		D464A7492A35F81C00C37A9A /* AppliedGiftCard.graphql.swift in Sources */ = {isa = PBXBuildFile; fileRef = D464A6ED2A35F81C00C37A9A /* AppliedGiftCard.graphql.swift */; };
		D464A74A2A35F81C00C37A9A /* CartUserError.graphql.swift in Sources */ = {isa = PBXBuildFile; fileRef = D464A6EE2A35F81C00C37A9A /* CartUserError.graphql.swift */; };
		D464A74B2A35F81C00C37A9A /* CustomerAccessTokenCreatePayload.graphql.swift in Sources */ = {isa = PBXBuildFile; fileRef = D464A6EF2A35F81C00C37A9A /* CustomerAccessTokenCreatePayload.graphql.swift */; };
		D464A74C2A35F81C00C37A9A /* CustomerAccessToken.graphql.swift in Sources */ = {isa = PBXBuildFile; fileRef = D464A6F02A35F81C00C37A9A /* CustomerAccessToken.graphql.swift */; };
		D464A74D2A35F81C00C37A9A /* MediaImage.graphql.swift in Sources */ = {isa = PBXBuildFile; fileRef = D464A6F12A35F81C00C37A9A /* MediaImage.graphql.swift */; };
		D464A74E2A35F81C00C37A9A /* Video.graphql.swift in Sources */ = {isa = PBXBuildFile; fileRef = D464A6F22A35F81C00C37A9A /* Video.graphql.swift */; };
		D464A74F2A35F81C00C37A9A /* CustomerAccessTokenRenewPayload.graphql.swift in Sources */ = {isa = PBXBuildFile; fileRef = D464A6F32A35F81C00C37A9A /* CustomerAccessTokenRenewPayload.graphql.swift */; };
		D464A7502A35F81C00C37A9A /* Product.graphql.swift in Sources */ = {isa = PBXBuildFile; fileRef = D464A6F42A35F81C00C37A9A /* Product.graphql.swift */; };
		D464A7512A35F81C00C37A9A /* ShopPolicy.graphql.swift in Sources */ = {isa = PBXBuildFile; fileRef = D464A6F52A35F81C00C37A9A /* ShopPolicy.graphql.swift */; };
		D464A7522A35F81C00C37A9A /* MediaPresentation.graphql.swift in Sources */ = {isa = PBXBuildFile; fileRef = D464A6F62A35F81C00C37A9A /* MediaPresentation.graphql.swift */; };
		D464A7532A35F81C00C37A9A /* MetafieldsSetUserError.graphql.swift in Sources */ = {isa = PBXBuildFile; fileRef = D464A6F72A35F81C00C37A9A /* MetafieldsSetUserError.graphql.swift */; };
		D464A7542A35F81C00C37A9A /* SchemaConfiguration.swift in Sources */ = {isa = PBXBuildFile; fileRef = D464A6F82A35F81C00C37A9A /* SchemaConfiguration.swift */; };
		D464A7552A35F81C00C37A9A /* CustomerCreateInput.graphql.swift in Sources */ = {isa = PBXBuildFile; fileRef = D464A6FA2A35F81C00C37A9A /* CustomerCreateInput.graphql.swift */; };
		D464A7562A35F81C00C37A9A /* CustomerAccessTokenCreateInput.graphql.swift in Sources */ = {isa = PBXBuildFile; fileRef = D464A6FB2A35F81C00C37A9A /* CustomerAccessTokenCreateInput.graphql.swift */; };
		D464A7572A35F81C00C37A9A /* HasMetafieldsIdentifier.graphql.swift in Sources */ = {isa = PBXBuildFile; fileRef = D464A6FC2A35F81C00C37A9A /* HasMetafieldsIdentifier.graphql.swift */; };
		D464A7582A35F81C00C37A9A /* CustomerUpdateInput.graphql.swift in Sources */ = {isa = PBXBuildFile; fileRef = D464A6FD2A35F81C00C37A9A /* CustomerUpdateInput.graphql.swift */; };
		D464A7592A35F81C00C37A9A /* SchemaMetadata.graphql.swift in Sources */ = {isa = PBXBuildFile; fileRef = D464A6FE2A35F81C00C37A9A /* SchemaMetadata.graphql.swift */; };
		D464A75A2A35F81C00C37A9A /* Media.graphql.swift in Sources */ = {isa = PBXBuildFile; fileRef = D464A7002A35F81C00C37A9A /* Media.graphql.swift */; };
		D464A75B2A35F81C00C37A9A /* HasMetafields.graphql.swift in Sources */ = {isa = PBXBuildFile; fileRef = D464A7012A35F81C00C37A9A /* HasMetafields.graphql.swift */; };
		D464A75C2A35F81C00C37A9A /* BaseCartLine.graphql.swift in Sources */ = {isa = PBXBuildFile; fileRef = D464A7022A35F81C00C37A9A /* BaseCartLine.graphql.swift */; };
		D464A75D2A35F81C00C37A9A /* DisplayableError.graphql.swift in Sources */ = {isa = PBXBuildFile; fileRef = D464A7032A35F81C00C37A9A /* DisplayableError.graphql.swift */; };
		D464A75E2A35F81C00C37A9A /* OnlineStorePublishable.graphql.swift in Sources */ = {isa = PBXBuildFile; fileRef = D464A7042A35F81C00C37A9A /* OnlineStorePublishable.graphql.swift */; };
		D464A75F2A35F81C00C37A9A /* Node.graphql.swift in Sources */ = {isa = PBXBuildFile; fileRef = D464A7052A35F81C00C37A9A /* Node.graphql.swift */; };
		E1BAC0CD2AB1CB39CAE723F9 /* Pods_Shopify_ITI_SDK.framework in Frameworks */ = {isa = PBXBuildFile; fileRef = DEC18845B81CEB227625DD8A /* Pods_Shopify_ITI_SDK.framework */; };
/* End PBXBuildFile section */

/* Begin PBXFileReference section */
		05421D1BA1B3B124CBAD976D /* Pods-Shopify-ITI-SDK.debug.xcconfig */ = {isa = PBXFileReference; includeInIndex = 1; lastKnownFileType = text.xcconfig; name = "Pods-Shopify-ITI-SDK.debug.xcconfig"; path = "Target Support Files/Pods-Shopify-ITI-SDK/Pods-Shopify-ITI-SDK.debug.xcconfig"; sourceTree = "<group>"; };
		12D2F547552771B8B19D7463 /* Pods-Shopify-ITI-SDK.release.xcconfig */ = {isa = PBXFileReference; includeInIndex = 1; lastKnownFileType = text.xcconfig; name = "Pods-Shopify-ITI-SDK.release.xcconfig"; path = "Target Support Files/Pods-Shopify-ITI-SDK/Pods-Shopify-ITI-SDK.release.xcconfig"; sourceTree = "<group>"; };
		D4596CF42A33580200BD9E26 /* Shopify_ITI_SDK.framework */ = {isa = PBXFileReference; explicitFileType = wrapper.framework; includeInIndex = 0; path = Shopify_ITI_SDK.framework; sourceTree = BUILT_PRODUCTS_DIR; };
		D4596CF72A33580200BD9E26 /* Shopify_ITI_SDK.h */ = {isa = PBXFileReference; lastKnownFileType = sourcecode.c.h; path = Shopify_ITI_SDK.h; sourceTree = "<group>"; };
		D464A6A32A35F81C00C37A9A /* MetafieldInfo.graphql.swift */ = {isa = PBXFileReference; fileEncoding = 4; lastKnownFileType = sourcecode.swift; path = MetafieldInfo.graphql.swift; sourceTree = "<group>"; };
		D464A6A42A35F81C00C37A9A /* CollectionInfo.graphql.swift */ = {isa = PBXFileReference; fileEncoding = 4; lastKnownFileType = sourcecode.swift; path = CollectionInfo.graphql.swift; sourceTree = "<group>"; };
		D464A6A52A35F81C00C37A9A /* ImageInfo.graphql.swift */ = {isa = PBXFileReference; fileEncoding = 4; lastKnownFileType = sourcecode.swift; path = ImageInfo.graphql.swift; sourceTree = "<group>"; };
		D464A6A62A35F81C00C37A9A /* MoneyInfo.graphql.swift */ = {isa = PBXFileReference; fileEncoding = 4; lastKnownFileType = sourcecode.swift; path = MoneyInfo.graphql.swift; sourceTree = "<group>"; };
		D464A6A72A35F81C00C37A9A /* ProductVariantInfo.graphql.swift */ = {isa = PBXFileReference; fileEncoding = 4; lastKnownFileType = sourcecode.swift; path = ProductVariantInfo.graphql.swift; sourceTree = "<group>"; };
		D464A6A82A35F81C00C37A9A /* PriceRangeInfo.graphql.swift */ = {isa = PBXFileReference; fileEncoding = 4; lastKnownFileType = sourcecode.swift; path = PriceRangeInfo.graphql.swift; sourceTree = "<group>"; };
		D464A6A92A35F81C00C37A9A /* ShopifyAPI.graphql.swift */ = {isa = PBXFileReference; fileEncoding = 4; lastKnownFileType = sourcecode.swift; path = ShopifyAPI.graphql.swift; sourceTree = "<group>"; };
		D464A6AC2A35F81C00C37A9A /* UpdateCustomerMutation.graphql.swift */ = {isa = PBXFileReference; fileEncoding = 4; lastKnownFileType = sourcecode.swift; path = UpdateCustomerMutation.graphql.swift; sourceTree = "<group>"; };
		D464A6AD2A35F81C00C37A9A /* RecoverCustomerAccountMutation.graphql.swift */ = {isa = PBXFileReference; fileEncoding = 4; lastKnownFileType = sourcecode.swift; path = RecoverCustomerAccountMutation.graphql.swift; sourceTree = "<group>"; };
		D464A6AE2A35F81C00C37A9A /* CreateCustomerAccountMutation.graphql.swift */ = {isa = PBXFileReference; fileEncoding = 4; lastKnownFileType = sourcecode.swift; path = CreateCustomerAccountMutation.graphql.swift; sourceTree = "<group>"; };
		D464A6AF2A35F81C00C37A9A /* CreateCustomerAccessTokenMutation.graphql.swift */ = {isa = PBXFileReference; fileEncoding = 4; lastKnownFileType = sourcecode.swift; path = CreateCustomerAccessTokenMutation.graphql.swift; sourceTree = "<group>"; };
		D464A6B02A35F81C00C37A9A /* RenewCustomerAccessTokenMutation.graphql.swift */ = {isa = PBXFileReference; fileEncoding = 4; lastKnownFileType = sourcecode.swift; path = RenewCustomerAccessTokenMutation.graphql.swift; sourceTree = "<group>"; };
		D464A6B12A35F81C00C37A9A /* DeleteCustomerAccessTokenMutation.graphql.swift */ = {isa = PBXFileReference; fileEncoding = 4; lastKnownFileType = sourcecode.swift; path = DeleteCustomerAccessTokenMutation.graphql.swift; sourceTree = "<group>"; };
		D464A6B32A35F81C00C37A9A /* GetProductByIdQuery.graphql.swift */ = {isa = PBXFileReference; fileEncoding = 4; lastKnownFileType = sourcecode.swift; path = GetProductByIdQuery.graphql.swift; sourceTree = "<group>"; };
		D464A6B42A35F81C00C37A9A /* GetProductsByQuery.graphql.swift */ = {isa = PBXFileReference; fileEncoding = 4; lastKnownFileType = sourcecode.swift; path = GetProductsByQuery.graphql.swift; sourceTree = "<group>"; };
		D464A6B52A35F81C00C37A9A /* GetCustomerWithAccessTokenQuery.graphql.swift */ = {isa = PBXFileReference; fileEncoding = 4; lastKnownFileType = sourcecode.swift; path = GetCustomerWithAccessTokenQuery.graphql.swift; sourceTree = "<group>"; };
		D464A6B82A35F81C00C37A9A /* Decimal.swift */ = {isa = PBXFileReference; fileEncoding = 4; lastKnownFileType = sourcecode.swift; path = Decimal.swift; sourceTree = "<group>"; };
		D464A6B92A35F81C00C37A9A /* URL.swift */ = {isa = PBXFileReference; fileEncoding = 4; lastKnownFileType = sourcecode.swift; path = URL.swift; sourceTree = "<group>"; };
		D464A6BA2A35F81C00C37A9A /* DateTime.swift */ = {isa = PBXFileReference; fileEncoding = 4; lastKnownFileType = sourcecode.swift; path = DateTime.swift; sourceTree = "<group>"; };
		D464A6BC2A35F81C00C37A9A /* CountryCode.graphql.swift */ = {isa = PBXFileReference; fileEncoding = 4; lastKnownFileType = sourcecode.swift; path = CountryCode.graphql.swift; sourceTree = "<group>"; };
		D464A6BD2A35F81C00C37A9A /* CurrencyCode.graphql.swift */ = {isa = PBXFileReference; fileEncoding = 4; lastKnownFileType = sourcecode.swift; path = CurrencyCode.graphql.swift; sourceTree = "<group>"; };
		D464A6BE2A35F81C00C37A9A /* LanguageCode.graphql.swift */ = {isa = PBXFileReference; fileEncoding = 4; lastKnownFileType = sourcecode.swift; path = LanguageCode.graphql.swift; sourceTree = "<group>"; };
		D464A6BF2A35F81C00C37A9A /* CustomerErrorCode.graphql.swift */ = {isa = PBXFileReference; fileEncoding = 4; lastKnownFileType = sourcecode.swift; path = CustomerErrorCode.graphql.swift; sourceTree = "<group>"; };
		D464A6C12A35F81C00C37A9A /* Image.graphql.swift */ = {isa = PBXFileReference; fileEncoding = 4; lastKnownFileType = sourcecode.swift; path = Image.graphql.swift; sourceTree = "<group>"; };
		D464A6C22A35F81C00C37A9A /* ProductPriceRange.graphql.swift */ = {isa = PBXFileReference; fileEncoding = 4; lastKnownFileType = sourcecode.swift; path = ProductPriceRange.graphql.swift; sourceTree = "<group>"; };
		D464A6C32A35F81C00C37A9A /* ProductVariant.graphql.swift */ = {isa = PBXFileReference; fileEncoding = 4; lastKnownFileType = sourcecode.swift; path = ProductVariant.graphql.swift; sourceTree = "<group>"; };
		D464A6C42A35F81C00C37A9A /* Blog.graphql.swift */ = {isa = PBXFileReference; fileEncoding = 4; lastKnownFileType = sourcecode.swift; path = Blog.graphql.swift; sourceTree = "<group>"; };
		D464A6C52A35F81C00C37A9A /* Model3d.graphql.swift */ = {isa = PBXFileReference; fileEncoding = 4; lastKnownFileType = sourcecode.swift; path = Model3d.graphql.swift; sourceTree = "<group>"; };
		D464A6C62A35F81C00C37A9A /* MenuItem.graphql.swift */ = {isa = PBXFileReference; fileEncoding = 4; lastKnownFileType = sourcecode.swift; path = MenuItem.graphql.swift; sourceTree = "<group>"; };
		D464A6C72A35F81C00C37A9A /* Order.graphql.swift */ = {isa = PBXFileReference; fileEncoding = 4; lastKnownFileType = sourcecode.swift; path = Order.graphql.swift; sourceTree = "<group>"; };
		D464A6C82A35F81C00C37A9A /* Comment.graphql.swift */ = {isa = PBXFileReference; fileEncoding = 4; lastKnownFileType = sourcecode.swift; path = Comment.graphql.swift; sourceTree = "<group>"; };
		D464A6C92A35F81C00C37A9A /* UrlRedirect.graphql.swift */ = {isa = PBXFileReference; fileEncoding = 4; lastKnownFileType = sourcecode.swift; path = UrlRedirect.graphql.swift; sourceTree = "<group>"; };
		D464A6CA2A35F81C00C37A9A /* Shop.graphql.swift */ = {isa = PBXFileReference; fileEncoding = 4; lastKnownFileType = sourcecode.swift; path = Shop.graphql.swift; sourceTree = "<group>"; };
		D464A6CB2A35F81C00C37A9A /* ImageConnection.graphql.swift */ = {isa = PBXFileReference; fileEncoding = 4; lastKnownFileType = sourcecode.swift; path = ImageConnection.graphql.swift; sourceTree = "<group>"; };
		D464A6CC2A35F81C00C37A9A /* GenericFile.graphql.swift */ = {isa = PBXFileReference; fileEncoding = 4; lastKnownFileType = sourcecode.swift; path = GenericFile.graphql.swift; sourceTree = "<group>"; };
		D464A6CD2A35F81C00C37A9A /* ProductOption.graphql.swift */ = {isa = PBXFileReference; fileEncoding = 4; lastKnownFileType = sourcecode.swift; path = ProductOption.graphql.swift; sourceTree = "<group>"; };
		D464A6CE2A35F81C00C37A9A /* Collection.graphql.swift */ = {isa = PBXFileReference; fileEncoding = 4; lastKnownFileType = sourcecode.swift; path = Collection.graphql.swift; sourceTree = "<group>"; };
		D464A6CF2A35F81C00C37A9A /* CustomerRecoverPayload.graphql.swift */ = {isa = PBXFileReference; fileEncoding = 4; lastKnownFileType = sourcecode.swift; path = CustomerRecoverPayload.graphql.swift; sourceTree = "<group>"; };
		D464A6D02A35F81C00C37A9A /* ExternalVideo.graphql.swift */ = {isa = PBXFileReference; fileEncoding = 4; lastKnownFileType = sourcecode.swift; path = ExternalVideo.graphql.swift; sourceTree = "<group>"; };
		D464A6D12A35F81C00C37A9A /* ProductConnection.graphql.swift */ = {isa = PBXFileReference; fileEncoding = 4; lastKnownFileType = sourcecode.swift; path = ProductConnection.graphql.swift; sourceTree = "<group>"; };
		D464A6D22A35F81C00C37A9A /* CustomerCreatePayload.graphql.swift */ = {isa = PBXFileReference; fileEncoding = 4; lastKnownFileType = sourcecode.swift; path = CustomerCreatePayload.graphql.swift; sourceTree = "<group>"; };
		D464A6D32A35F81C00C37A9A /* Menu.graphql.swift */ = {isa = PBXFileReference; fileEncoding = 4; lastKnownFileType = sourcecode.swift; path = Menu.graphql.swift; sourceTree = "<group>"; };
		D464A6D42A35F81C00C37A9A /* CustomerUpdatePayload.graphql.swift */ = {isa = PBXFileReference; fileEncoding = 4; lastKnownFileType = sourcecode.swift; path = CustomerUpdatePayload.graphql.swift; sourceTree = "<group>"; };
		D464A6D52A35F81C00C37A9A /* Mutation.graphql.swift */ = {isa = PBXFileReference; fileEncoding = 4; lastKnownFileType = sourcecode.swift; path = Mutation.graphql.swift; sourceTree = "<group>"; };
		D464A6D62A35F81C00C37A9A /* CheckoutLineItem.graphql.swift */ = {isa = PBXFileReference; fileEncoding = 4; lastKnownFileType = sourcecode.swift; path = CheckoutLineItem.graphql.swift; sourceTree = "<group>"; };
		D464A6D72A35F81C00C37A9A /* Location.graphql.swift */ = {isa = PBXFileReference; fileEncoding = 4; lastKnownFileType = sourcecode.swift; path = Location.graphql.swift; sourceTree = "<group>"; };
		D464A6D82A35F81C00C37A9A /* Checkout.graphql.swift */ = {isa = PBXFileReference; fileEncoding = 4; lastKnownFileType = sourcecode.swift; path = Checkout.graphql.swift; sourceTree = "<group>"; };
		D464A6D92A35F81C00C37A9A /* Metaobject.graphql.swift */ = {isa = PBXFileReference; fileEncoding = 4; lastKnownFileType = sourcecode.swift; path = Metaobject.graphql.swift; sourceTree = "<group>"; };
		D464A6DA2A35F81C00C37A9A /* QueryRoot.graphql.swift */ = {isa = PBXFileReference; fileEncoding = 4; lastKnownFileType = sourcecode.swift; path = QueryRoot.graphql.swift; sourceTree = "<group>"; };
		D464A6DB2A35F81C00C37A9A /* CheckoutUserError.graphql.swift */ = {isa = PBXFileReference; fileEncoding = 4; lastKnownFileType = sourcecode.swift; path = CheckoutUserError.graphql.swift; sourceTree = "<group>"; };
		D464A6DC2A35F81C00C37A9A /* Cart.graphql.swift */ = {isa = PBXFileReference; fileEncoding = 4; lastKnownFileType = sourcecode.swift; path = Cart.graphql.swift; sourceTree = "<group>"; };
		D464A6DD2A35F81C00C37A9A /* CustomerAccessTokenDeletePayload.graphql.swift */ = {isa = PBXFileReference; fileEncoding = 4; lastKnownFileType = sourcecode.swift; path = CustomerAccessTokenDeletePayload.graphql.swift; sourceTree = "<group>"; };
		D464A6DE2A35F81C00C37A9A /* MoneyV2.graphql.swift */ = {isa = PBXFileReference; fileEncoding = 4; lastKnownFileType = sourcecode.swift; path = MoneyV2.graphql.swift; sourceTree = "<group>"; };
		D464A6DF2A35F81C00C37A9A /* Payment.graphql.swift */ = {isa = PBXFileReference; fileEncoding = 4; lastKnownFileType = sourcecode.swift; path = Payment.graphql.swift; sourceTree = "<group>"; };
		D464A6E02A35F81C00C37A9A /* Customer.graphql.swift */ = {isa = PBXFileReference; fileEncoding = 4; lastKnownFileType = sourcecode.swift; path = Customer.graphql.swift; sourceTree = "<group>"; };
		D464A6E12A35F81C00C37A9A /* UserError.graphql.swift */ = {isa = PBXFileReference; fileEncoding = 4; lastKnownFileType = sourcecode.swift; path = UserError.graphql.swift; sourceTree = "<group>"; };
		D464A6E22A35F81C00C37A9A /* CartLine.graphql.swift */ = {isa = PBXFileReference; fileEncoding = 4; lastKnownFileType = sourcecode.swift; path = CartLine.graphql.swift; sourceTree = "<group>"; };
		D464A6E32A35F81C00C37A9A /* ProductEdge.graphql.swift */ = {isa = PBXFileReference; fileEncoding = 4; lastKnownFileType = sourcecode.swift; path = ProductEdge.graphql.swift; sourceTree = "<group>"; };
		D464A6E42A35F81C00C37A9A /* MailingAddress.graphql.swift */ = {isa = PBXFileReference; fileEncoding = 4; lastKnownFileType = sourcecode.swift; path = MailingAddress.graphql.swift; sourceTree = "<group>"; };
		D464A6E52A35F81C00C37A9A /* CustomerUserError.graphql.swift */ = {isa = PBXFileReference; fileEncoding = 4; lastKnownFileType = sourcecode.swift; path = CustomerUserError.graphql.swift; sourceTree = "<group>"; };
		D464A6E62A35F81C00C37A9A /* Page.graphql.swift */ = {isa = PBXFileReference; fileEncoding = 4; lastKnownFileType = sourcecode.swift; path = Page.graphql.swift; sourceTree = "<group>"; };
		D464A6E72A35F81C00C37A9A /* MetafieldDeleteUserError.graphql.swift */ = {isa = PBXFileReference; fileEncoding = 4; lastKnownFileType = sourcecode.swift; path = MetafieldDeleteUserError.graphql.swift; sourceTree = "<group>"; };
		D464A6E82A35F81C00C37A9A /* CollectionConnection.graphql.swift */ = {isa = PBXFileReference; fileEncoding = 4; lastKnownFileType = sourcecode.swift; path = CollectionConnection.graphql.swift; sourceTree = "<group>"; };
		D464A6E92A35F81C00C37A9A /* ProductVariantConnection.graphql.swift */ = {isa = PBXFileReference; fileEncoding = 4; lastKnownFileType = sourcecode.swift; path = ProductVariantConnection.graphql.swift; sourceTree = "<group>"; };
		D464A6EA2A35F81C00C37A9A /* Market.graphql.swift */ = {isa = PBXFileReference; fileEncoding = 4; lastKnownFileType = sourcecode.swift; path = Market.graphql.swift; sourceTree = "<group>"; };
		D464A6EB2A35F81C00C37A9A /* Metafield.graphql.swift */ = {isa = PBXFileReference; fileEncoding = 4; lastKnownFileType = sourcecode.swift; path = Metafield.graphql.swift; sourceTree = "<group>"; };
		D464A6EC2A35F81C00C37A9A /* Article.graphql.swift */ = {isa = PBXFileReference; fileEncoding = 4; lastKnownFileType = sourcecode.swift; path = Article.graphql.swift; sourceTree = "<group>"; };
		D464A6ED2A35F81C00C37A9A /* AppliedGiftCard.graphql.swift */ = {isa = PBXFileReference; fileEncoding = 4; lastKnownFileType = sourcecode.swift; path = AppliedGiftCard.graphql.swift; sourceTree = "<group>"; };
		D464A6EE2A35F81C00C37A9A /* CartUserError.graphql.swift */ = {isa = PBXFileReference; fileEncoding = 4; lastKnownFileType = sourcecode.swift; path = CartUserError.graphql.swift; sourceTree = "<group>"; };
		D464A6EF2A35F81C00C37A9A /* CustomerAccessTokenCreatePayload.graphql.swift */ = {isa = PBXFileReference; fileEncoding = 4; lastKnownFileType = sourcecode.swift; path = CustomerAccessTokenCreatePayload.graphql.swift; sourceTree = "<group>"; };
		D464A6F02A35F81C00C37A9A /* CustomerAccessToken.graphql.swift */ = {isa = PBXFileReference; fileEncoding = 4; lastKnownFileType = sourcecode.swift; path = CustomerAccessToken.graphql.swift; sourceTree = "<group>"; };
		D464A6F12A35F81C00C37A9A /* MediaImage.graphql.swift */ = {isa = PBXFileReference; fileEncoding = 4; lastKnownFileType = sourcecode.swift; path = MediaImage.graphql.swift; sourceTree = "<group>"; };
		D464A6F22A35F81C00C37A9A /* Video.graphql.swift */ = {isa = PBXFileReference; fileEncoding = 4; lastKnownFileType = sourcecode.swift; path = Video.graphql.swift; sourceTree = "<group>"; };
		D464A6F32A35F81C00C37A9A /* CustomerAccessTokenRenewPayload.graphql.swift */ = {isa = PBXFileReference; fileEncoding = 4; lastKnownFileType = sourcecode.swift; path = CustomerAccessTokenRenewPayload.graphql.swift; sourceTree = "<group>"; };
		D464A6F42A35F81C00C37A9A /* Product.graphql.swift */ = {isa = PBXFileReference; fileEncoding = 4; lastKnownFileType = sourcecode.swift; path = Product.graphql.swift; sourceTree = "<group>"; };
		D464A6F52A35F81C00C37A9A /* ShopPolicy.graphql.swift */ = {isa = PBXFileReference; fileEncoding = 4; lastKnownFileType = sourcecode.swift; path = ShopPolicy.graphql.swift; sourceTree = "<group>"; };
		D464A6F62A35F81C00C37A9A /* MediaPresentation.graphql.swift */ = {isa = PBXFileReference; fileEncoding = 4; lastKnownFileType = sourcecode.swift; path = MediaPresentation.graphql.swift; sourceTree = "<group>"; };
		D464A6F72A35F81C00C37A9A /* MetafieldsSetUserError.graphql.swift */ = {isa = PBXFileReference; fileEncoding = 4; lastKnownFileType = sourcecode.swift; path = MetafieldsSetUserError.graphql.swift; sourceTree = "<group>"; };
		D464A6F82A35F81C00C37A9A /* SchemaConfiguration.swift */ = {isa = PBXFileReference; fileEncoding = 4; lastKnownFileType = sourcecode.swift; path = SchemaConfiguration.swift; sourceTree = "<group>"; };
		D464A6FA2A35F81C00C37A9A /* CustomerCreateInput.graphql.swift */ = {isa = PBXFileReference; fileEncoding = 4; lastKnownFileType = sourcecode.swift; path = CustomerCreateInput.graphql.swift; sourceTree = "<group>"; };
		D464A6FB2A35F81C00C37A9A /* CustomerAccessTokenCreateInput.graphql.swift */ = {isa = PBXFileReference; fileEncoding = 4; lastKnownFileType = sourcecode.swift; path = CustomerAccessTokenCreateInput.graphql.swift; sourceTree = "<group>"; };
		D464A6FC2A35F81C00C37A9A /* HasMetafieldsIdentifier.graphql.swift */ = {isa = PBXFileReference; fileEncoding = 4; lastKnownFileType = sourcecode.swift; path = HasMetafieldsIdentifier.graphql.swift; sourceTree = "<group>"; };
		D464A6FD2A35F81C00C37A9A /* CustomerUpdateInput.graphql.swift */ = {isa = PBXFileReference; fileEncoding = 4; lastKnownFileType = sourcecode.swift; path = CustomerUpdateInput.graphql.swift; sourceTree = "<group>"; };
		D464A6FE2A35F81C00C37A9A /* SchemaMetadata.graphql.swift */ = {isa = PBXFileReference; fileEncoding = 4; lastKnownFileType = sourcecode.swift; path = SchemaMetadata.graphql.swift; sourceTree = "<group>"; };
		D464A7002A35F81C00C37A9A /* Media.graphql.swift */ = {isa = PBXFileReference; fileEncoding = 4; lastKnownFileType = sourcecode.swift; path = Media.graphql.swift; sourceTree = "<group>"; };
		D464A7012A35F81C00C37A9A /* HasMetafields.graphql.swift */ = {isa = PBXFileReference; fileEncoding = 4; lastKnownFileType = sourcecode.swift; path = HasMetafields.graphql.swift; sourceTree = "<group>"; };
		D464A7022A35F81C00C37A9A /* BaseCartLine.graphql.swift */ = {isa = PBXFileReference; fileEncoding = 4; lastKnownFileType = sourcecode.swift; path = BaseCartLine.graphql.swift; sourceTree = "<group>"; };
		D464A7032A35F81C00C37A9A /* DisplayableError.graphql.swift */ = {isa = PBXFileReference; fileEncoding = 4; lastKnownFileType = sourcecode.swift; path = DisplayableError.graphql.swift; sourceTree = "<group>"; };
		D464A7042A35F81C00C37A9A /* OnlineStorePublishable.graphql.swift */ = {isa = PBXFileReference; fileEncoding = 4; lastKnownFileType = sourcecode.swift; path = OnlineStorePublishable.graphql.swift; sourceTree = "<group>"; };
		D464A7052A35F81C00C37A9A /* Node.graphql.swift */ = {isa = PBXFileReference; fileEncoding = 4; lastKnownFileType = sourcecode.swift; path = Node.graphql.swift; sourceTree = "<group>"; };
		DEC18845B81CEB227625DD8A /* Pods_Shopify_ITI_SDK.framework */ = {isa = PBXFileReference; explicitFileType = wrapper.framework; includeInIndex = 0; path = Pods_Shopify_ITI_SDK.framework; sourceTree = BUILT_PRODUCTS_DIR; };
/* End PBXFileReference section */

/* Begin PBXFrameworksBuildPhase section */
		D4596CF12A33580200BD9E26 /* Frameworks */ = {
			isa = PBXFrameworksBuildPhase;
			buildActionMask = 2147483647;
			files = (
				E1BAC0CD2AB1CB39CAE723F9 /* Pods_Shopify_ITI_SDK.framework in Frameworks */,
			);
			runOnlyForDeploymentPostprocessing = 0;
		};
/* End PBXFrameworksBuildPhase section */

/* Begin PBXGroup section */
		48668165B74554C6FC4A8DAA /* Pods */ = {
			isa = PBXGroup;
			children = (
				05421D1BA1B3B124CBAD976D /* Pods-Shopify-ITI-SDK.debug.xcconfig */,
				12D2F547552771B8B19D7463 /* Pods-Shopify-ITI-SDK.release.xcconfig */,
			);
			name = Pods;
			path = ../Pods;
			sourceTree = "<group>";
		};
		BE9E2CC227114EFB7747453F /* Frameworks */ = {
			isa = PBXGroup;
			children = (
				DEC18845B81CEB227625DD8A /* Pods_Shopify_ITI_SDK.framework */,
			);
			name = Frameworks;
			sourceTree = "<group>";
		};
		D4596CEA2A33580200BD9E26 = {
			isa = PBXGroup;
			children = (
				D464A6A12A35F81C00C37A9A /* ShopifyAPI */,
				D4596CF62A33580200BD9E26 /* Shopify-ITI-SDK */,
				D4596CF52A33580200BD9E26 /* Products */,
				48668165B74554C6FC4A8DAA /* Pods */,
				BE9E2CC227114EFB7747453F /* Frameworks */,
			);
			sourceTree = "<group>";
		};
		D4596CF52A33580200BD9E26 /* Products */ = {
			isa = PBXGroup;
			children = (
				D4596CF42A33580200BD9E26 /* Shopify_ITI_SDK.framework */,
			);
			name = Products;
			sourceTree = "<group>";
		};
		D4596CF62A33580200BD9E26 /* Shopify-ITI-SDK */ = {
			isa = PBXGroup;
			children = (
				D4596CF72A33580200BD9E26 /* Shopify_ITI_SDK.h */,
			);
			path = "Shopify-ITI-SDK";
			sourceTree = "<group>";
		};
		D464A6A12A35F81C00C37A9A /* ShopifyAPI */ = {
			isa = PBXGroup;
			children = (
				D464A6A22A35F81C00C37A9A /* Fragments */,
				D464A6A92A35F81C00C37A9A /* ShopifyAPI.graphql.swift */,
				D464A6AA2A35F81C00C37A9A /* Operations */,
				D464A6B62A35F81C00C37A9A /* Schema */,
			);
			path = ShopifyAPI;
			sourceTree = "<group>";
		};
		D464A6A22A35F81C00C37A9A /* Fragments */ = {
			isa = PBXGroup;
			children = (
				D464A6A32A35F81C00C37A9A /* MetafieldInfo.graphql.swift */,
				D464A6A42A35F81C00C37A9A /* CollectionInfo.graphql.swift */,
				D464A6A52A35F81C00C37A9A /* ImageInfo.graphql.swift */,
				D464A6A62A35F81C00C37A9A /* MoneyInfo.graphql.swift */,
				D464A6A72A35F81C00C37A9A /* ProductVariantInfo.graphql.swift */,
				D464A6A82A35F81C00C37A9A /* PriceRangeInfo.graphql.swift */,
			);
			path = Fragments;
			sourceTree = "<group>";
		};
		D464A6AA2A35F81C00C37A9A /* Operations */ = {
			isa = PBXGroup;
			children = (
				D464A6AB2A35F81C00C37A9A /* Mutations */,
				D464A6B22A35F81C00C37A9A /* Queries */,
			);
			path = Operations;
			sourceTree = "<group>";
		};
		D464A6AB2A35F81C00C37A9A /* Mutations */ = {
			isa = PBXGroup;
			children = (
				D464A6AC2A35F81C00C37A9A /* UpdateCustomerMutation.graphql.swift */,
				D464A6AD2A35F81C00C37A9A /* RecoverCustomerAccountMutation.graphql.swift */,
				D464A6AE2A35F81C00C37A9A /* CreateCustomerAccountMutation.graphql.swift */,
				D464A6AF2A35F81C00C37A9A /* CreateCustomerAccessTokenMutation.graphql.swift */,
				D464A6B02A35F81C00C37A9A /* RenewCustomerAccessTokenMutation.graphql.swift */,
				D464A6B12A35F81C00C37A9A /* DeleteCustomerAccessTokenMutation.graphql.swift */,
			);
			path = Mutations;
			sourceTree = "<group>";
		};
		D464A6B22A35F81C00C37A9A /* Queries */ = {
			isa = PBXGroup;
			children = (
				D464A6B32A35F81C00C37A9A /* GetProductByIdQuery.graphql.swift */,
				D464A6B42A35F81C00C37A9A /* GetProductsByQuery.graphql.swift */,
				D464A6B52A35F81C00C37A9A /* GetCustomerWithAccessTokenQuery.graphql.swift */,
			);
			path = Queries;
			sourceTree = "<group>";
		};
		D464A6B62A35F81C00C37A9A /* Schema */ = {
			isa = PBXGroup;
			children = (
				D464A6B72A35F81C00C37A9A /* CustomScalars */,
				D464A6BB2A35F81C00C37A9A /* Enums */,
				D464A6C02A35F81C00C37A9A /* Objects */,
				D464A6F82A35F81C00C37A9A /* SchemaConfiguration.swift */,
				D464A6F92A35F81C00C37A9A /* InputObjects */,
				D464A6FE2A35F81C00C37A9A /* SchemaMetadata.graphql.swift */,
				D464A6FF2A35F81C00C37A9A /* Interfaces */,
			);
			path = Schema;
			sourceTree = "<group>";
		};
		D464A6B72A35F81C00C37A9A /* CustomScalars */ = {
			isa = PBXGroup;
			children = (
				D464A6B82A35F81C00C37A9A /* Decimal.swift */,
				D464A6B92A35F81C00C37A9A /* URL.swift */,
				D464A6BA2A35F81C00C37A9A /* DateTime.swift */,
			);
			path = CustomScalars;
			sourceTree = "<group>";
		};
		D464A6BB2A35F81C00C37A9A /* Enums */ = {
			isa = PBXGroup;
			children = (
				D464A6BC2A35F81C00C37A9A /* CountryCode.graphql.swift */,
				D464A6BD2A35F81C00C37A9A /* CurrencyCode.graphql.swift */,
				D464A6BE2A35F81C00C37A9A /* LanguageCode.graphql.swift */,
				D464A6BF2A35F81C00C37A9A /* CustomerErrorCode.graphql.swift */,
			);
			path = Enums;
			sourceTree = "<group>";
		};
		D464A6C02A35F81C00C37A9A /* Objects */ = {
			isa = PBXGroup;
			children = (
				D464A6C12A35F81C00C37A9A /* Image.graphql.swift */,
				D464A6C22A35F81C00C37A9A /* ProductPriceRange.graphql.swift */,
				D464A6C32A35F81C00C37A9A /* ProductVariant.graphql.swift */,
				D464A6C42A35F81C00C37A9A /* Blog.graphql.swift */,
				D464A6C52A35F81C00C37A9A /* Model3d.graphql.swift */,
				D464A6C62A35F81C00C37A9A /* MenuItem.graphql.swift */,
				D464A6C72A35F81C00C37A9A /* Order.graphql.swift */,
				D464A6C82A35F81C00C37A9A /* Comment.graphql.swift */,
				D464A6C92A35F81C00C37A9A /* UrlRedirect.graphql.swift */,
				D464A6CA2A35F81C00C37A9A /* Shop.graphql.swift */,
				D464A6CB2A35F81C00C37A9A /* ImageConnection.graphql.swift */,
				D464A6CC2A35F81C00C37A9A /* GenericFile.graphql.swift */,
				D464A6CD2A35F81C00C37A9A /* ProductOption.graphql.swift */,
				D464A6CE2A35F81C00C37A9A /* Collection.graphql.swift */,
				D464A6CF2A35F81C00C37A9A /* CustomerRecoverPayload.graphql.swift */,
				D464A6D02A35F81C00C37A9A /* ExternalVideo.graphql.swift */,
				D464A6D12A35F81C00C37A9A /* ProductConnection.graphql.swift */,
				D464A6D22A35F81C00C37A9A /* CustomerCreatePayload.graphql.swift */,
				D464A6D32A35F81C00C37A9A /* Menu.graphql.swift */,
				D464A6D42A35F81C00C37A9A /* CustomerUpdatePayload.graphql.swift */,
				D464A6D52A35F81C00C37A9A /* Mutation.graphql.swift */,
				D464A6D62A35F81C00C37A9A /* CheckoutLineItem.graphql.swift */,
				D464A6D72A35F81C00C37A9A /* Location.graphql.swift */,
				D464A6D82A35F81C00C37A9A /* Checkout.graphql.swift */,
				D464A6D92A35F81C00C37A9A /* Metaobject.graphql.swift */,
				D464A6DA2A35F81C00C37A9A /* QueryRoot.graphql.swift */,
				D464A6DB2A35F81C00C37A9A /* CheckoutUserError.graphql.swift */,
				D464A6DC2A35F81C00C37A9A /* Cart.graphql.swift */,
				D464A6DD2A35F81C00C37A9A /* CustomerAccessTokenDeletePayload.graphql.swift */,
				D464A6DE2A35F81C00C37A9A /* MoneyV2.graphql.swift */,
				D464A6DF2A35F81C00C37A9A /* Payment.graphql.swift */,
				D464A6E02A35F81C00C37A9A /* Customer.graphql.swift */,
				D464A6E12A35F81C00C37A9A /* UserError.graphql.swift */,
				D464A6E22A35F81C00C37A9A /* CartLine.graphql.swift */,
				D464A6E32A35F81C00C37A9A /* ProductEdge.graphql.swift */,
				D464A6E42A35F81C00C37A9A /* MailingAddress.graphql.swift */,
				D464A6E52A35F81C00C37A9A /* CustomerUserError.graphql.swift */,
				D464A6E62A35F81C00C37A9A /* Page.graphql.swift */,
				D464A6E72A35F81C00C37A9A /* MetafieldDeleteUserError.graphql.swift */,
				D464A6E82A35F81C00C37A9A /* CollectionConnection.graphql.swift */,
				D464A6E92A35F81C00C37A9A /* ProductVariantConnection.graphql.swift */,
				D464A6EA2A35F81C00C37A9A /* Market.graphql.swift */,
				D464A6EB2A35F81C00C37A9A /* Metafield.graphql.swift */,
				D464A6EC2A35F81C00C37A9A /* Article.graphql.swift */,
				D464A6ED2A35F81C00C37A9A /* AppliedGiftCard.graphql.swift */,
				D464A6EE2A35F81C00C37A9A /* CartUserError.graphql.swift */,
				D464A6EF2A35F81C00C37A9A /* CustomerAccessTokenCreatePayload.graphql.swift */,
				D464A6F02A35F81C00C37A9A /* CustomerAccessToken.graphql.swift */,
				D464A6F12A35F81C00C37A9A /* MediaImage.graphql.swift */,
				D464A6F22A35F81C00C37A9A /* Video.graphql.swift */,
				D464A6F32A35F81C00C37A9A /* CustomerAccessTokenRenewPayload.graphql.swift */,
				D464A6F42A35F81C00C37A9A /* Product.graphql.swift */,
				D464A6F52A35F81C00C37A9A /* ShopPolicy.graphql.swift */,
				D464A6F62A35F81C00C37A9A /* MediaPresentation.graphql.swift */,
				D464A6F72A35F81C00C37A9A /* MetafieldsSetUserError.graphql.swift */,
			);
			path = Objects;
			sourceTree = "<group>";
		};
		D464A6F92A35F81C00C37A9A /* InputObjects */ = {
			isa = PBXGroup;
			children = (
				D464A6FA2A35F81C00C37A9A /* CustomerCreateInput.graphql.swift */,
				D464A6FB2A35F81C00C37A9A /* CustomerAccessTokenCreateInput.graphql.swift */,
				D464A6FC2A35F81C00C37A9A /* HasMetafieldsIdentifier.graphql.swift */,
				D464A6FD2A35F81C00C37A9A /* CustomerUpdateInput.graphql.swift */,
			);
			path = InputObjects;
			sourceTree = "<group>";
		};
		D464A6FF2A35F81C00C37A9A /* Interfaces */ = {
			isa = PBXGroup;
			children = (
				D464A7002A35F81C00C37A9A /* Media.graphql.swift */,
				D464A7012A35F81C00C37A9A /* HasMetafields.graphql.swift */,
				D464A7022A35F81C00C37A9A /* BaseCartLine.graphql.swift */,
				D464A7032A35F81C00C37A9A /* DisplayableError.graphql.swift */,
				D464A7042A35F81C00C37A9A /* OnlineStorePublishable.graphql.swift */,
				D464A7052A35F81C00C37A9A /* Node.graphql.swift */,
			);
			path = Interfaces;
			sourceTree = "<group>";
		};
/* End PBXGroup section */

/* Begin PBXHeadersBuildPhase section */
		D4596CEF2A33580200BD9E26 /* Headers */ = {
			isa = PBXHeadersBuildPhase;
			buildActionMask = 2147483647;
			files = (
				D4596CF82A33580200BD9E26 /* Shopify_ITI_SDK.h in Headers */,
			);
			runOnlyForDeploymentPostprocessing = 0;
		};
/* End PBXHeadersBuildPhase section */

/* Begin PBXNativeTarget section */
		D4596CF32A33580200BD9E26 /* Shopify-ITI-SDK */ = {
			isa = PBXNativeTarget;
			buildConfigurationList = D4596CFB2A33580200BD9E26 /* Build configuration list for PBXNativeTarget "Shopify-ITI-SDK" */;
			buildPhases = (
				FE3156E6F127C7666D3260C1 /* [CP] Check Pods Manifest.lock */,
				D4596CEF2A33580200BD9E26 /* Headers */,
				D4596CF02A33580200BD9E26 /* Sources */,
				D4596CF12A33580200BD9E26 /* Frameworks */,
				D4596CF22A33580200BD9E26 /* Resources */,
			);
			buildRules = (
			);
			dependencies = (
			);
			name = "Shopify-ITI-SDK";
			productName = "Shopify-ITI-SDK";
			productReference = D4596CF42A33580200BD9E26 /* Shopify_ITI_SDK.framework */;
			productType = "com.apple.product-type.framework";
		};
/* End PBXNativeTarget section */

/* Begin PBXProject section */
		D4596CEB2A33580200BD9E26 /* Project object */ = {
			isa = PBXProject;
			attributes = {
				BuildIndependentTargetsInParallel = 1;
				LastUpgradeCheck = 1430;
				TargetAttributes = {
					D4596CF32A33580200BD9E26 = {
						CreatedOnToolsVersion = 14.3;
					};
				};
			};
			buildConfigurationList = D4596CEE2A33580200BD9E26 /* Build configuration list for PBXProject "Shopify-ITI-SDK" */;
			compatibilityVersion = "Xcode 14.0";
			developmentRegion = en;
			hasScannedForEncodings = 0;
			knownRegions = (
				en,
				Base,
			);
			mainGroup = D4596CEA2A33580200BD9E26;
			productRefGroup = D4596CF52A33580200BD9E26 /* Products */;
			projectDirPath = "";
			projectRoot = "";
			targets = (
				D4596CF32A33580200BD9E26 /* Shopify-ITI-SDK */,
			);
		};
/* End PBXProject section */

/* Begin PBXResourcesBuildPhase section */
		D4596CF22A33580200BD9E26 /* Resources */ = {
			isa = PBXResourcesBuildPhase;
			buildActionMask = 2147483647;
			files = (
			);
			runOnlyForDeploymentPostprocessing = 0;
		};
/* End PBXResourcesBuildPhase section */

/* Begin PBXShellScriptBuildPhase section */
		FE3156E6F127C7666D3260C1 /* [CP] Check Pods Manifest.lock */ = {
			isa = PBXShellScriptBuildPhase;
			buildActionMask = 2147483647;
			files = (
			);
			inputFileListPaths = (
			);
			inputPaths = (
				"${PODS_PODFILE_DIR_PATH}/Podfile.lock",
				"${PODS_ROOT}/Manifest.lock",
			);
			name = "[CP] Check Pods Manifest.lock";
			outputFileListPaths = (
			);
			outputPaths = (
				"$(DERIVED_FILE_DIR)/Pods-Shopify-ITI-SDK-checkManifestLockResult.txt",
			);
			runOnlyForDeploymentPostprocessing = 0;
			shellPath = /bin/sh;
			shellScript = "diff \"${PODS_PODFILE_DIR_PATH}/Podfile.lock\" \"${PODS_ROOT}/Manifest.lock\" > /dev/null\nif [ $? != 0 ] ; then\n    # print error to STDERR\n    echo \"error: The sandbox is not in sync with the Podfile.lock. Run 'pod install' or update your CocoaPods installation.\" >&2\n    exit 1\nfi\n# This output is used by Xcode 'outputs' to avoid re-running this script phase.\necho \"SUCCESS\" > \"${SCRIPT_OUTPUT_FILE_0}\"\n";
			showEnvVarsInLog = 0;
		};
/* End PBXShellScriptBuildPhase section */

/* Begin PBXSourcesBuildPhase section */
		D4596CF02A33580200BD9E26 /* Sources */ = {
			isa = PBXSourcesBuildPhase;
			buildActionMask = 2147483647;
			files = (
				D464A7372A35F81C00C37A9A /* CheckoutUserError.graphql.swift in Sources */,
				D464A72E2A35F81C00C37A9A /* CustomerCreatePayload.graphql.swift in Sources */,
				D464A72B2A35F81C00C37A9A /* CustomerRecoverPayload.graphql.swift in Sources */,
				D464A7202A35F81C00C37A9A /* Blog.graphql.swift in Sources */,
				D464A7562A35F81C00C37A9A /* CustomerAccessTokenCreateInput.graphql.swift in Sources */,
				D464A7072A35F81C00C37A9A /* CollectionInfo.graphql.swift in Sources */,
				D464A73E2A35F81C00C37A9A /* CartLine.graphql.swift in Sources */,
				D464A7122A35F81C00C37A9A /* DeleteCustomerAccessTokenMutation.graphql.swift in Sources */,
				D464A75F2A35F81C00C37A9A /* Node.graphql.swift in Sources */,
				D464A7082A35F81C00C37A9A /* ImageInfo.graphql.swift in Sources */,
				D464A70D2A35F81C00C37A9A /* UpdateCustomerMutation.graphql.swift in Sources */,
				D464A7392A35F81C00C37A9A /* CustomerAccessTokenDeletePayload.graphql.swift in Sources */,
				D464A7332A35F81C00C37A9A /* Location.graphql.swift in Sources */,
				D464A7322A35F81C00C37A9A /* CheckoutLineItem.graphql.swift in Sources */,
				D464A73C2A35F81C00C37A9A /* Customer.graphql.swift in Sources */,
				D464A74F2A35F81C00C37A9A /* CustomerAccessTokenRenewPayload.graphql.swift in Sources */,
				D464A74B2A35F81C00C37A9A /* CustomerAccessTokenCreatePayload.graphql.swift in Sources */,
				D464A7232A35F81C00C37A9A /* Order.graphql.swift in Sources */,
				D464A7212A35F81C00C37A9A /* Model3d.graphql.swift in Sources */,
				D464A7422A35F81C00C37A9A /* Page.graphql.swift in Sources */,
				D464A7302A35F81C00C37A9A /* CustomerUpdatePayload.graphql.swift in Sources */,
				D464A7522A35F81C00C37A9A /* MediaPresentation.graphql.swift in Sources */,
				D464A70C2A35F81C00C37A9A /* ShopifyAPI.graphql.swift in Sources */,
				D464A73D2A35F81C00C37A9A /* UserError.graphql.swift in Sources */,
				D464A70E2A35F81C00C37A9A /* RecoverCustomerAccountMutation.graphql.swift in Sources */,
				D464A74C2A35F81C00C37A9A /* CustomerAccessToken.graphql.swift in Sources */,
				D464A73F2A35F81C00C37A9A /* ProductEdge.graphql.swift in Sources */,
				D464A7102A35F81C00C37A9A /* CreateCustomerAccessTokenMutation.graphql.swift in Sources */,
				D464A70F2A35F81C00C37A9A /* CreateCustomerAccountMutation.graphql.swift in Sources */,
				D464A72F2A35F81C00C37A9A /* Menu.graphql.swift in Sources */,
				D464A75B2A35F81C00C37A9A /* HasMetafields.graphql.swift in Sources */,
				D464A70B2A35F81C00C37A9A /* PriceRangeInfo.graphql.swift in Sources */,
				D464A7552A35F81C00C37A9A /* CustomerCreateInput.graphql.swift in Sources */,
				D464A71E2A35F81C00C37A9A /* ProductPriceRange.graphql.swift in Sources */,
				D464A7292A35F81C00C37A9A /* ProductOption.graphql.swift in Sources */,
				D464A7242A35F81C00C37A9A /* Comment.graphql.swift in Sources */,
				D464A7382A35F81C00C37A9A /* Cart.graphql.swift in Sources */,
				D464A71B2A35F81C00C37A9A /* LanguageCode.graphql.swift in Sources */,
				D464A71C2A35F81C00C37A9A /* CustomerErrorCode.graphql.swift in Sources */,
				D464A7462A35F81C00C37A9A /* Market.graphql.swift in Sources */,
				D464A7142A35F81C00C37A9A /* GetProductsByQuery.graphql.swift in Sources */,
				D464A7062A35F81C00C37A9A /* MetafieldInfo.graphql.swift in Sources */,
				D464A72A2A35F81C00C37A9A /* Collection.graphql.swift in Sources */,
				D464A74A2A35F81C00C37A9A /* CartUserError.graphql.swift in Sources */,
				D464A72C2A35F81C00C37A9A /* ExternalVideo.graphql.swift in Sources */,
				D464A75E2A35F81C00C37A9A /* OnlineStorePublishable.graphql.swift in Sources */,
				D464A7412A35F81C00C37A9A /* CustomerUserError.graphql.swift in Sources */,
				D464A7582A35F81C00C37A9A /* CustomerUpdateInput.graphql.swift in Sources */,
				D464A7452A35F81C00C37A9A /* ProductVariantConnection.graphql.swift in Sources */,
				D464A75A2A35F81C00C37A9A /* Media.graphql.swift in Sources */,
				D464A7172A35F81C00C37A9A /* URL.swift in Sources */,
				D464A7192A35F81C00C37A9A /* CountryCode.graphql.swift in Sources */,
				D464A74D2A35F81C00C37A9A /* MediaImage.graphql.swift in Sources */,
				D464A72D2A35F81C00C37A9A /* ProductConnection.graphql.swift in Sources */,
				D464A7182A35F81C00C37A9A /* DateTime.swift in Sources */,
				D464A7162A35F81C00C37A9A /* Decimal.swift in Sources */,
				D464A7342A35F81C00C37A9A /* Checkout.graphql.swift in Sources */,
				D464A7252A35F81C00C37A9A /* UrlRedirect.graphql.swift in Sources */,
				D464A7312A35F81C00C37A9A /* Mutation.graphql.swift in Sources */,
				D464A71A2A35F81C00C37A9A /* CurrencyCode.graphql.swift in Sources */,
				D464A7532A35F81C00C37A9A /* MetafieldsSetUserError.graphql.swift in Sources */,
				D464A7542A35F81C00C37A9A /* SchemaConfiguration.swift in Sources */,
				D464A7592A35F81C00C37A9A /* SchemaMetadata.graphql.swift in Sources */,
				D464A7112A35F81C00C37A9A /* RenewCustomerAccessTokenMutation.graphql.swift in Sources */,
				D464A7472A35F81C00C37A9A /* Metafield.graphql.swift in Sources */,
				D464A7152A35F81C00C37A9A /* GetCustomerWithAccessTokenQuery.graphql.swift in Sources */,
				D464A73B2A35F81C00C37A9A /* Payment.graphql.swift in Sources */,
				D464A7272A35F81C00C37A9A /* ImageConnection.graphql.swift in Sources */,
				D464A7432A35F81C00C37A9A /* MetafieldDeleteUserError.graphql.swift in Sources */,
				D464A7362A35F81C00C37A9A /* QueryRoot.graphql.swift in Sources */,
				D464A7092A35F81C00C37A9A /* MoneyInfo.graphql.swift in Sources */,
				D464A7132A35F81C00C37A9A /* GetProductByIdQuery.graphql.swift in Sources */,
				D464A7572A35F81C00C37A9A /* HasMetafieldsIdentifier.graphql.swift in Sources */,
				D464A75C2A35F81C00C37A9A /* BaseCartLine.graphql.swift in Sources */,
				D464A7492A35F81C00C37A9A /* AppliedGiftCard.graphql.swift in Sources */,
				D464A74E2A35F81C00C37A9A /* Video.graphql.swift in Sources */,
				D464A7262A35F81C00C37A9A /* Shop.graphql.swift in Sources */,
				D464A73A2A35F81C00C37A9A /* MoneyV2.graphql.swift in Sources */,
				D464A7402A35F81C00C37A9A /* MailingAddress.graphql.swift in Sources */,
				D464A7282A35F81C00C37A9A /* GenericFile.graphql.swift in Sources */,
				D464A71D2A35F81C00C37A9A /* Image.graphql.swift in Sources */,
				D464A71F2A35F81C00C37A9A /* ProductVariant.graphql.swift in Sources */,
				D464A7482A35F81C00C37A9A /* Article.graphql.swift in Sources */,
				D464A7222A35F81C00C37A9A /* MenuItem.graphql.swift in Sources */,
				D464A75D2A35F81C00C37A9A /* DisplayableError.graphql.swift in Sources */,
				D464A7502A35F81C00C37A9A /* Product.graphql.swift in Sources */,
				D464A7442A35F81C00C37A9A /* CollectionConnection.graphql.swift in Sources */,
				D464A7352A35F81C00C37A9A /* Metaobject.graphql.swift in Sources */,
				D464A7512A35F81C00C37A9A /* ShopPolicy.graphql.swift in Sources */,
				D464A70A2A35F81C00C37A9A /* ProductVariantInfo.graphql.swift in Sources */,
			);
			runOnlyForDeploymentPostprocessing = 0;
		};
/* End PBXSourcesBuildPhase section */

/* Begin XCBuildConfiguration section */
		D4596CF92A33580200BD9E26 /* Debug */ = {
			isa = XCBuildConfiguration;
			buildSettings = {
				ALWAYS_SEARCH_USER_PATHS = NO;
				CLANG_ANALYZER_NONNULL = YES;
				CLANG_ANALYZER_NUMBER_OBJECT_CONVERSION = YES_AGGRESSIVE;
				CLANG_CXX_LANGUAGE_STANDARD = "gnu++20";
				CLANG_ENABLE_MODULES = YES;
				CLANG_ENABLE_OBJC_ARC = YES;
				CLANG_ENABLE_OBJC_WEAK = YES;
				CLANG_WARN_BLOCK_CAPTURE_AUTORELEASING = YES;
				CLANG_WARN_BOOL_CONVERSION = YES;
				CLANG_WARN_COMMA = YES;
				CLANG_WARN_CONSTANT_CONVERSION = YES;
				CLANG_WARN_DEPRECATED_OBJC_IMPLEMENTATIONS = YES;
				CLANG_WARN_DIRECT_OBJC_ISA_USAGE = YES_ERROR;
				CLANG_WARN_DOCUMENTATION_COMMENTS = YES;
				CLANG_WARN_EMPTY_BODY = YES;
				CLANG_WARN_ENUM_CONVERSION = YES;
				CLANG_WARN_INFINITE_RECURSION = YES;
				CLANG_WARN_INT_CONVERSION = YES;
				CLANG_WARN_NON_LITERAL_NULL_CONVERSION = YES;
				CLANG_WARN_OBJC_IMPLICIT_RETAIN_SELF = YES;
				CLANG_WARN_OBJC_LITERAL_CONVERSION = YES;
				CLANG_WARN_OBJC_ROOT_CLASS = YES_ERROR;
				CLANG_WARN_QUOTED_INCLUDE_IN_FRAMEWORK_HEADER = YES;
				CLANG_WARN_RANGE_LOOP_ANALYSIS = YES;
				CLANG_WARN_STRICT_PROTOTYPES = YES;
				CLANG_WARN_SUSPICIOUS_MOVE = YES;
				CLANG_WARN_UNGUARDED_AVAILABILITY = YES_AGGRESSIVE;
				CLANG_WARN_UNREACHABLE_CODE = YES;
				CLANG_WARN__DUPLICATE_METHOD_MATCH = YES;
				COPY_PHASE_STRIP = NO;
				CURRENT_PROJECT_VERSION = 1;
				DEBUG_INFORMATION_FORMAT = dwarf;
				ENABLE_STRICT_OBJC_MSGSEND = YES;
				ENABLE_TESTABILITY = YES;
				GCC_C_LANGUAGE_STANDARD = gnu11;
				GCC_DYNAMIC_NO_PIC = NO;
				GCC_NO_COMMON_BLOCKS = YES;
				GCC_OPTIMIZATION_LEVEL = 0;
				GCC_PREPROCESSOR_DEFINITIONS = (
					"DEBUG=1",
					"$(inherited)",
				);
				GCC_WARN_64_TO_32_BIT_CONVERSION = YES;
				GCC_WARN_ABOUT_RETURN_TYPE = YES_ERROR;
				GCC_WARN_UNDECLARED_SELECTOR = YES;
				GCC_WARN_UNINITIALIZED_AUTOS = YES_AGGRESSIVE;
				GCC_WARN_UNUSED_FUNCTION = YES;
				GCC_WARN_UNUSED_VARIABLE = YES;
				IPHONEOS_DEPLOYMENT_TARGET = 15.6;
				MTL_ENABLE_DEBUG_INFO = INCLUDE_SOURCE;
				MTL_FAST_MATH = YES;
				ONLY_ACTIVE_ARCH = YES;
				SDKROOT = iphoneos;
				SWIFT_ACTIVE_COMPILATION_CONDITIONS = DEBUG;
				SWIFT_OPTIMIZATION_LEVEL = "-Onone";
				VERSIONING_SYSTEM = "apple-generic";
				VERSION_INFO_PREFIX = "";
			};
			name = Debug;
		};
		D4596CFA2A33580200BD9E26 /* Release */ = {
			isa = XCBuildConfiguration;
			buildSettings = {
				ALWAYS_SEARCH_USER_PATHS = NO;
				CLANG_ANALYZER_NONNULL = YES;
				CLANG_ANALYZER_NUMBER_OBJECT_CONVERSION = YES_AGGRESSIVE;
				CLANG_CXX_LANGUAGE_STANDARD = "gnu++20";
				CLANG_ENABLE_MODULES = YES;
				CLANG_ENABLE_OBJC_ARC = YES;
				CLANG_ENABLE_OBJC_WEAK = YES;
				CLANG_WARN_BLOCK_CAPTURE_AUTORELEASING = YES;
				CLANG_WARN_BOOL_CONVERSION = YES;
				CLANG_WARN_COMMA = YES;
				CLANG_WARN_CONSTANT_CONVERSION = YES;
				CLANG_WARN_DEPRECATED_OBJC_IMPLEMENTATIONS = YES;
				CLANG_WARN_DIRECT_OBJC_ISA_USAGE = YES_ERROR;
				CLANG_WARN_DOCUMENTATION_COMMENTS = YES;
				CLANG_WARN_EMPTY_BODY = YES;
				CLANG_WARN_ENUM_CONVERSION = YES;
				CLANG_WARN_INFINITE_RECURSION = YES;
				CLANG_WARN_INT_CONVERSION = YES;
				CLANG_WARN_NON_LITERAL_NULL_CONVERSION = YES;
				CLANG_WARN_OBJC_IMPLICIT_RETAIN_SELF = YES;
				CLANG_WARN_OBJC_LITERAL_CONVERSION = YES;
				CLANG_WARN_OBJC_ROOT_CLASS = YES_ERROR;
				CLANG_WARN_QUOTED_INCLUDE_IN_FRAMEWORK_HEADER = YES;
				CLANG_WARN_RANGE_LOOP_ANALYSIS = YES;
				CLANG_WARN_STRICT_PROTOTYPES = YES;
				CLANG_WARN_SUSPICIOUS_MOVE = YES;
				CLANG_WARN_UNGUARDED_AVAILABILITY = YES_AGGRESSIVE;
				CLANG_WARN_UNREACHABLE_CODE = YES;
				CLANG_WARN__DUPLICATE_METHOD_MATCH = YES;
				COPY_PHASE_STRIP = NO;
				CURRENT_PROJECT_VERSION = 1;
				DEBUG_INFORMATION_FORMAT = "dwarf-with-dsym";
				ENABLE_NS_ASSERTIONS = NO;
				ENABLE_STRICT_OBJC_MSGSEND = YES;
				GCC_C_LANGUAGE_STANDARD = gnu11;
				GCC_NO_COMMON_BLOCKS = YES;
				GCC_WARN_64_TO_32_BIT_CONVERSION = YES;
				GCC_WARN_ABOUT_RETURN_TYPE = YES_ERROR;
				GCC_WARN_UNDECLARED_SELECTOR = YES;
				GCC_WARN_UNINITIALIZED_AUTOS = YES_AGGRESSIVE;
				GCC_WARN_UNUSED_FUNCTION = YES;
				GCC_WARN_UNUSED_VARIABLE = YES;
				IPHONEOS_DEPLOYMENT_TARGET = 15.6;
				MTL_ENABLE_DEBUG_INFO = NO;
				MTL_FAST_MATH = YES;
				SDKROOT = iphoneos;
				SWIFT_COMPILATION_MODE = wholemodule;
				SWIFT_OPTIMIZATION_LEVEL = "-O";
				VALIDATE_PRODUCT = YES;
				VERSIONING_SYSTEM = "apple-generic";
				VERSION_INFO_PREFIX = "";
			};
			name = Release;
		};
		D4596CFC2A33580200BD9E26 /* Debug */ = {
			isa = XCBuildConfiguration;
			baseConfigurationReference = 05421D1BA1B3B124CBAD976D /* Pods-Shopify-ITI-SDK.debug.xcconfig */;
			buildSettings = {
				CODE_SIGN_STYLE = Automatic;
				CURRENT_PROJECT_VERSION = 1;
				DEFINES_MODULE = YES;
				DEVELOPMENT_TEAM = 49YMMDXGST;
				DYLIB_COMPATIBILITY_VERSION = 1;
				DYLIB_CURRENT_VERSION = 1;
				DYLIB_INSTALL_NAME_BASE = "@rpath";
				ENABLE_MODULE_VERIFIER = YES;
				GENERATE_INFOPLIST_FILE = YES;
				INFOPLIST_KEY_NSHumanReadableCopyright = "";
				INSTALL_PATH = "$(LOCAL_LIBRARY_DIR)/Frameworks";
				IPHONEOS_DEPLOYMENT_TARGET = 15.6;
				LD_RUNPATH_SEARCH_PATHS = (
					"$(inherited)",
					"@executable_path/Frameworks",
					"@loader_path/Frameworks",
				);
				MARKETING_VERSION = 1.0;
				MODULE_VERIFIER_SUPPORTED_LANGUAGES = "objective-c objective-c++";
				MODULE_VERIFIER_SUPPORTED_LANGUAGE_STANDARDS = "gnu11 gnu++20";
				PRODUCT_BUNDLE_IDENTIFIER = "com.iti.Shopify-ITI-SDK";
				PRODUCT_NAME = "$(TARGET_NAME:c99extidentifier)";
				SKIP_INSTALL = YES;
				SWIFT_EMIT_LOC_STRINGS = YES;
				SWIFT_VERSION = 5.0;
				TARGETED_DEVICE_FAMILY = "1,2";
			};
			name = Debug;
		};
		D4596CFD2A33580200BD9E26 /* Release */ = {
			isa = XCBuildConfiguration;
			baseConfigurationReference = 12D2F547552771B8B19D7463 /* Pods-Shopify-ITI-SDK.release.xcconfig */;
			buildSettings = {
				CODE_SIGN_STYLE = Automatic;
				CURRENT_PROJECT_VERSION = 1;
				DEFINES_MODULE = YES;
				DEVELOPMENT_TEAM = 49YMMDXGST;
				DYLIB_COMPATIBILITY_VERSION = 1;
				DYLIB_CURRENT_VERSION = 1;
				DYLIB_INSTALL_NAME_BASE = "@rpath";
				ENABLE_MODULE_VERIFIER = YES;
				GENERATE_INFOPLIST_FILE = YES;
				INFOPLIST_KEY_NSHumanReadableCopyright = "";
				INSTALL_PATH = "$(LOCAL_LIBRARY_DIR)/Frameworks";
				IPHONEOS_DEPLOYMENT_TARGET = 15.6;
				LD_RUNPATH_SEARCH_PATHS = (
					"$(inherited)",
					"@executable_path/Frameworks",
					"@loader_path/Frameworks",
				);
				MARKETING_VERSION = 1.0;
				MODULE_VERIFIER_SUPPORTED_LANGUAGES = "objective-c objective-c++";
				MODULE_VERIFIER_SUPPORTED_LANGUAGE_STANDARDS = "gnu11 gnu++20";
				PRODUCT_BUNDLE_IDENTIFIER = "com.iti.Shopify-ITI-SDK";
				PRODUCT_NAME = "$(TARGET_NAME:c99extidentifier)";
				SKIP_INSTALL = YES;
				SWIFT_EMIT_LOC_STRINGS = YES;
				SWIFT_VERSION = 5.0;
				TARGETED_DEVICE_FAMILY = "1,2";
			};
			name = Release;
		};
/* End XCBuildConfiguration section */

/* Begin XCConfigurationList section */
		D4596CEE2A33580200BD9E26 /* Build configuration list for PBXProject "Shopify-ITI-SDK" */ = {
			isa = XCConfigurationList;
			buildConfigurations = (
				D4596CF92A33580200BD9E26 /* Debug */,
				D4596CFA2A33580200BD9E26 /* Release */,
			);
			defaultConfigurationIsVisible = 0;
			defaultConfigurationName = Release;
		};
		D4596CFB2A33580200BD9E26 /* Build configuration list for PBXNativeTarget "Shopify-ITI-SDK" */ = {
			isa = XCConfigurationList;
			buildConfigurations = (
				D4596CFC2A33580200BD9E26 /* Debug */,
				D4596CFD2A33580200BD9E26 /* Release */,
			);
			defaultConfigurationIsVisible = 0;
			defaultConfigurationName = Release;
		};
/* End XCConfigurationList section */
	};
	rootObject = D4596CEB2A33580200BD9E26 /* Project object */;
}
