PODS:
  - Apollo (1.2.2):
    - Apollo/Core (= 1.2.2)
  - Apollo/Core (1.2.2)
  - Swinject (2.8.3)

DEPENDENCIES:
  - Apollo
  - Swinject (~> 2.8)

SPEC REPOS:
  https://github.com/CocoaPods/Specs.git:
    - Apollo
    - Swinject

SPEC CHECKSUMS:
  Apollo: 2fe0281cf862ec4b22c601bf6a741b32ccdf09a7
  Swinject: 893c9a543000ac2f10ee4cbaf0933c6992c935d5

PODFILE CHECKSUM: 80d37adbc99a3851ed80eb102407b643d6da994e

COCOAPODS: 1.12.1
