PODS:
  - Apollo (1.2.1):
    - Apollo/Core (= 1.2.1)
  - Apollo/Core (1.2.1)

DEPENDENCIES:
  - Apollo

SPEC REPOS:
  https://github.com/CocoaPods/Specs.git:
    - Apollo

SPEC CHECKSUMS:
  Apollo: fe380f40e55e501a2499dd5885fab0cdf082b2bb

PODFILE CHECKSUM: ef75b787aa1e96bfd41066312d39eb41ef29e2e7

COCOAPODS: 1.12.1
